
Microsoft Visual Studio Solution File, Format Version 12.00
# Visual Studio 15
VisualStudioVersion = 15.0.28307.168
MinimumVisualStudioVersion = 10.0.40219.1
Project("{FAE04EC0-301F-11D3-BF4B-00C04F79EFBC}") = "App01_ConsultarCEP.Android", "App01_ConsultarCEP\App01_ConsultarCEP.Android\App01_ConsultarCEP.Android.csproj", "{1F448C91-C836-4B76-8132-5EC20B08F27E}"
EndProject
Project("{FAE04EC0-301F-11D3-BF4B-00C04F79EFBC}") = "App01_ConsultarCEP.iOS", "App01_ConsultarCEP\App01_ConsultarCEP.iOS\App01_ConsultarCEP.iOS.csproj", "{AA8426C2-3B57-4E3B-AAF4-6624B9C62684}"
EndProject
Project("{FAE04EC0-301F-11D3-BF4B-00C04F79EFBC}") = "App01_ConsultarCEP", "App01_ConsultarCEP\App01_ConsultarCEP\App01_ConsultarCEP.csproj", "{C9785D85-4349-4951-A32C-1C1B7614CCA8}"
EndProject
Global
	GlobalSection(SolutionConfigurationPlatforms) = preSolution
		Ad-Hoc|Any CPU = Ad-Hoc|Any CPU
		Ad-Hoc|iPhone = Ad-Hoc|iPhone
		Ad-Hoc|iPhoneSimulator = Ad-Hoc|iPhoneSimulator
		AppStore|Any CPU = AppStore|Any CPU
		AppStore|iPhone = AppStore|iPhone
		AppStore|iPhoneSimulator = AppStore|iPhoneSimulator
		Debug|Any CPU = Debug|Any CPU
		Debug|iPhone = Debug|iPhone
		Debug|iPhoneSimulator = Debug|iPhoneSimulator
		Release|Any CPU = Release|Any CPU
		Release|iPhone = Release|iPhone
		Release|iPhoneSimulator = Release|iPhoneSimulator
	EndGlobalSection
	GlobalSection(ProjectConfigurationPlatforms) = postSolution
		{1F448C91-C836-4B76-8132-5EC20B08F27E}.Ad-Hoc|Any CPU.ActiveCfg = Release|Any CPU
		{1F448C91-C836-4B76-8132-5EC20B08F27E}.Ad-Hoc|Any CPU.Build.0 = Release|Any CPU
		{1F448C91-C836-4B76-8132-5EC20B08F27E}.Ad-Hoc|Any CPU.Deploy.0 = Release|Any CPU
		{1F448C91-C836-4B76-8132-5EC20B08F27E}.Ad-Hoc|iPhone.ActiveCfg = Release|Any CPU
		{1F448C91-C836-4B76-8132-5EC20B08F27E}.Ad-Hoc|iPhone.Build.0 = Release|Any CPU
		{1F448C91-C836-4B76-8132-5EC20B08F27E}.Ad-Hoc|iPhone.Deploy.0 = Release|Any CPU
		{1F448C91-C836-4B76-8132-5EC20B08F27E}.Ad-Hoc|iPhoneSimulator.ActiveCfg = Release|Any CPU
		{1F448C91-C836-4B76-8132-5EC20B08F27E}.Ad-Hoc|iPhoneSimulator.Build.0 = Release|Any CPU
		{1F448C91-C836-4B76-8132-5EC20B08F27E}.Ad-Hoc|iPhoneSimulator.Deploy.0 = Release|Any CPU
		{1F448C91-C836-4B76-8132-5EC20B08F27E}.AppStore|Any CPU.ActiveCfg = Release|Any CPU
		{1F448C91-C836-4B76-8132-5EC20B08F27E}.AppStore|Any CPU.Build.0 = Release|Any CPU
		{1F448C91-C836-4B76-8132-5EC20B08F27E}.AppStore|Any CPU.Deploy.0 = Release|Any CPU
		{1F448C91-C836-4B76-8132-5EC20B08F27E}.AppStore|iPhone.ActiveCfg = Release|Any CPU
		{1F448C91-C836-4B76-8132-5EC20B08F27E}.AppStore|iPhone.Build.0 = Release|Any CPU
		{1F448C91-C836-4B76-8132-5EC20B08F27E}.AppStore|iPhone.Deploy.0 = Release|Any CPU
		{1F448C91-C836-4B76-8132-5EC20B08F27E}.AppStore|iPhoneSimulator.ActiveCfg = Release|Any CPU
		{1F448C91-C836-4B76-8132-5EC20B08F27E}.AppStore|iPhoneSimulator.Build.0 = Release|Any CPU
		{1F448C91-C836-4B76-8132-5EC20B08F27E}.AppStore|iPhoneSimulator.Deploy.0 = Release|Any CPU
		{1F448C91-C836-4B76-8132-5EC20B08F27E}.Debug|Any CPU.ActiveCfg = Debug|Any CPU
		{1F448C91-C836-4B76-8132-5EC20B08F27E}.Debug|Any CPU.Build.0 = Debug|Any CPU
		{1F448C91-C836-4B76-8132-5EC20B08F27E}.Debug|Any CPU.Deploy.0 = Debug|Any CPU
		{1F448C91-C836-4B76-8132-5EC20B08F27E}.Debug|iPhone.ActiveCfg = Debug|Any CPU
		{1F448C91-C836-4B76-8132-5EC20B08F27E}.Debug|iPhone.Build.0 = Debug|Any CPU
		{1F448C91-C836-4B76-8132-5EC20B08F27E}.Debug|iPhone.Deploy.0 = Debug|Any CPU
		{1F448C91-C836-4B76-8132-5EC20B08F27E}.Debug|iPhoneSimulator.ActiveCfg = Debug|Any CPU
		{1F448C91-C836-4B76-8132-5EC20B08F27E}.Debug|iPhoneSimulator.Build.0 = Debug|Any CPU
		{1F448C91-C836-4B76-8132-5EC20B08F27E}.Debug|iPhoneSimulator.Deploy.0 = Debug|Any CPU
		{1F448C91-C836-4B76-8132-5EC20B08F27E}.Release|Any CPU.ActiveCfg = Release|Any CPU
		{1F448C91-C836-4B76-8132-5EC20B08F27E}.Release|Any CPU.Build.0 = Release|Any CPU
		{1F448C91-C836-4B76-8132-5EC20B08F27E}.Release|Any CPU.Deploy.0 = Release|Any CPU
		{1F448C91-C836-4B76-8132-5EC20B08F27E}.Release|iPhone.ActiveCfg = Release|Any CPU
		{1F448C91-C836-4B76-8132-5EC20B08F27E}.Release|iPhone.Build.0 = Release|Any CPU
		{1F448C91-C836-4B76-8132-5EC20B08F27E}.Release|iPhone.Deploy.0 = Release|Any CPU
		{1F448C91-C836-4B76-8132-5EC20B08F27E}.Release|iPhoneSimulator.ActiveCfg = Release|Any CPU
		{1F448C91-C836-4B76-8132-5EC20B08F27E}.Release|iPhoneSimulator.Build.0 = Release|Any CPU
		{1F448C91-C836-4B76-8132-5EC20B08F27E}.Release|iPhoneSimulator.Deploy.0 = Release|Any CPU
		{AA8426C2-3B57-4E3B-AAF4-6624B9C62684}.Ad-Hoc|Any CPU.ActiveCfg = Ad-Hoc|iPhone
		{AA8426C2-3B57-4E3B-AAF4-6624B9C62684}.Ad-Hoc|Any CPU.Build.0 = Ad-Hoc|iPhone
		{AA8426C2-3B57-4E3B-AAF4-6624B9C62684}.Ad-Hoc|Any CPU.Deploy.0 = Ad-Hoc|iPhone
		{AA8426C2-3B57-4E3B-AAF4-6624B9C62684}.Ad-Hoc|iPhone.ActiveCfg = Ad-Hoc|iPhone
		{AA8426C2-3B57-4E3B-AAF4-6624B9C62684}.Ad-Hoc|iPhone.Build.0 = Ad-Hoc|iPhone
		{AA8426C2-3B57-4E3B-AAF4-6624B9C62684}.Ad-Hoc|iPhone.Deploy.0 = Ad-Hoc|iPhone
		{AA8426C2-3B57-4E3B-AAF4-6624B9C62684}.Ad-Hoc|iPhoneSimulator.ActiveCfg = Ad-Hoc|iPhoneSimulator
		{AA8426C2-3B57-4E3B-AAF4-6624B9C62684}.Ad-Hoc|iPhoneSimulator.Build.0 = Ad-Hoc|iPhoneSimulator
		{AA8426C2-3B57-4E3B-AAF4-6624B9C62684}.Ad-Hoc|iPhoneSimulator.Deploy.0 = Ad-Hoc|iPhoneSimulator
		{AA8426C2-3B57-4E3B-AAF4-6624B9C62684}.AppStore|Any CPU.ActiveCfg = AppStore|iPhone
		{AA8426C2-3B57-4E3B-AAF4-6624B9C62684}.AppStore|Any CPU.Build.0 = AppStore|iPhone
		{AA8426C2-3B57-4E3B-AAF4-6624B9C62684}.AppStore|Any CPU.Deploy.0 = AppStore|iPhone
		{AA8426C2-3B57-4E3B-AAF4-6624B9C62684}.AppStore|iPhone.ActiveCfg = AppStore|iPhone
		{AA8426C2-3B57-4E3B-AAF4-6624B9C62684}.AppStore|iPhone.Build.0 = AppStore|iPhone
		{AA8426C2-3B57-4E3B-AAF4-6624B9C62684}.AppStore|iPhone.Deploy.0 = AppStore|iPhone
		{AA8426C2-3B57-4E3B-AAF4-6624B9C62684}.AppStore|iPhoneSimulator.ActiveCfg = AppStore|iPhoneSimulator
		{AA8426C2-3B57-4E3B-AAF4-6624B9C62684}.AppStore|iPhoneSimulator.Build.0 = AppStore|iPhoneSimulator
		{AA8426C2-3B57-4E3B-AAF4-6624B9C62684}.AppStore|iPhoneSimulator.Deploy.0 = AppStore|iPhoneSimulator
		{AA8426C2-3B57-4E3B-AAF4-6624B9C62684}.Debug|Any CPU.ActiveCfg = Debug|iPhoneSimulator
		{AA8426C2-3B57-4E3B-AAF4-6624B9C62684}.Debug|Any CPU.Build.0 = Debug|iPhoneSimulator
		{AA8426C2-3B57-4E3B-AAF4-6624B9C62684}.Debug|Any CPU.Deploy.0 = Debug|iPhoneSimulator
		{AA8426C2-3B57-4E3B-AAF4-6624B9C62684}.Debug|iPhone.ActiveCfg = Debug|iPhone
		{AA8426C2-3B57-4E3B-AAF4-6624B9C62684}.Debug|iPhone.Build.0 = Debug|iPhone
		{AA8426C2-3B57-4E3B-AAF4-6624B9C62684}.Debug|iPhone.Deploy.0 = Debug|iPhone
		{AA8426C2-3B57-4E3B-AAF4-6624B9C62684}.Debug|iPhoneSimulator.ActiveCfg = Debug|iPhoneSimulator
		{AA8426C2-3B57-4E3B-AAF4-6624B9C62684}.Debug|iPhoneSimulator.Build.0 = Debug|iPhoneSimulator
		{AA8426C2-3B57-4E3B-AAF4-6624B9C62684}.Debug|iPhoneSimulator.Deploy.0 = Debug|iPhoneSimulator
		{AA8426C2-3B57-4E3B-AAF4-6624B9C62684}.Release|Any CPU.ActiveCfg = Release|iPhone
		{AA8426C2-3B57-4E3B-AAF4-6624B9C62684}.Release|Any CPU.Build.0 = Release|iPhone
		{AA8426C2-3B57-4E3B-AAF4-6624B9C62684}.Release|Any CPU.Deploy.0 = Release|iPhone
		{AA8426C2-3B57-4E3B-AAF4-6624B9C62684}.Release|iPhone.ActiveCfg = Release|iPhone
		{AA8426C2-3B57-4E3B-AAF4-6624B9C62684}.Release|iPhone.Build.0 = Release|iPhone
		{AA8426C2-3B57-4E3B-AAF4-6624B9C62684}.Release|iPhone.Deploy.0 = Release|iPhone
		{AA8426C2-3B57-4E3B-AAF4-6624B9C62684}.Release|iPhoneSimulator.ActiveCfg = Release|iPhoneSimulator
		{AA8426C2-3B57-4E3B-AAF4-6624B9C62684}.Release|iPhoneSimulator.Build.0 = Release|iPhoneSimulator
		{AA8426C2-3B57-4E3B-AAF4-6624B9C62684}.Release|iPhoneSimulator.Deploy.0 = Release|iPhoneSimulator
		{C9785D85-4349-4951-A32C-1C1B7614CCA8}.Ad-Hoc|Any CPU.ActiveCfg = Debug|Any CPU
		{C9785D85-4349-4951-A32C-1C1B7614CCA8}.Ad-Hoc|Any CPU.Build.0 = Debug|Any CPU
		{C9785D85-4349-4951-A32C-1C1B7614CCA8}.Ad-Hoc|Any CPU.Deploy.0 = Debug|Any CPU
		{C9785D85-4349-4951-A32C-1C1B7614CCA8}.Ad-Hoc|iPhone.ActiveCfg = Debug|Any CPU
		{C9785D85-4349-4951-A32C-1C1B7614CCA8}.Ad-Hoc|iPhone.Build.0 = Debug|Any CPU
		{C9785D85-4349-4951-A32C-1C1B7614CCA8}.Ad-Hoc|iPhone.Deploy.0 = Debug|Any CPU
		{C9785D85-4349-4951-A32C-1C1B7614CCA8}.Ad-Hoc|iPhoneSimulator.ActiveCfg = Debug|Any CPU
		{C9785D85-4349-4951-A32C-1C1B7614CCA8}.Ad-Hoc|iPhoneSimulator.Build.0 = Debug|Any CPU
		{C9785D85-4349-4951-A32C-1C1B7614CCA8}.Ad-Hoc|iPhoneSimulator.Deploy.0 = Debug|Any CPU
		{C9785D85-4349-4951-A32C-1C1B7614CCA8}.AppStore|Any CPU.ActiveCfg = Debug|Any CPU
		{C9785D85-4349-4951-A32C-1C1B7614CCA8}.AppStore|Any CPU.Build.0 = Debug|Any CPU
		{C9785D85-4349-4951-A32C-1C1B7614CCA8}.AppStore|Any CPU.Deploy.0 = Debug|Any CPU
		{C9785D85-4349-4951-A32C-1C1B7614CCA8}.AppStore|iPhone.ActiveCfg = Debug|Any CPU
		{C9785D85-4349-4951-A32C-1C1B7614CCA8}.AppStore|iPhone.Build.0 = Debug|Any CPU
		{C9785D85-4349-4951-A32C-1C1B7614CCA8}.AppStore|iPhone.Deploy.0 = Debug|Any CPU
		{C9785D85-4349-4951-A32C-1C1B7614CCA8}.AppStore|iPhoneSimulator.ActiveCfg = Debug|Any CPU
		{C9785D85-4349-4951-A32C-1C1B7614CCA8}.AppStore|iPhoneSimulator.Build.0 = Debug|Any CPU
		{C9785D85-4349-4951-A32C-1C1B7614CCA8}.AppStore|iPhoneSimulator.Deploy.0 = Debug|Any CPU
		{C9785D85-4349-4951-A32C-1C1B7614CCA8}.Debug|Any CPU.ActiveCfg = Debug|Any CPU
		{C9785D85-4349-4951-A32C-1C1B7614CCA8}.Debug|Any CPU.Build.0 = Debug|Any CPU
		{C9785D85-4349-4951-A32C-1C1B7614CCA8}.Debug|Any CPU.Deploy.0 = Debug|Any CPU
		{C9785D85-4349-4951-A32C-1C1B7614CCA8}.Debug|iPhone.ActiveCfg = Debug|Any CPU
		{C9785D85-4349-4951-A32C-1C1B7614CCA8}.Debug|iPhone.Build.0 = Debug|Any CPU
		{C9785D85-4349-4951-A32C-1C1B7614CCA8}.Debug|iPhone.Deploy.0 = Debug|Any CPU
		{C9785D85-4349-4951-A32C-1C1B7614CCA8}.Debug|iPhoneSimulator.ActiveCfg = Debug|Any CPU
		{C9785D85-4349-4951-A32C-1C1B7614CCA8}.Debug|iPhoneSimulator.Build.0 = Debug|Any CPU
		{C9785D85-4349-4951-A32C-1C1B7614CCA8}.Debug|iPhoneSimulator.Deploy.0 = Debug|Any CPU
		{C9785D85-4349-4951-A32C-1C1B7614CCA8}.Release|Any CPU.ActiveCfg = Release|Any CPU
		{C9785D85-4349-4951-A32C-1C1B7614CCA8}.Release|Any CPU.Build.0 = Release|Any CPU
		{C9785D85-4349-4951-A32C-1C1B7614CCA8}.Release|Any CPU.Deploy.0 = Release|Any CPU
		{C9785D85-4349-4951-A32C-1C1B7614CCA8}.Release|iPhone.ActiveCfg = Release|Any CPU
		{C9785D85-4349-4951-A32C-1C1B7614CCA8}.Release|iPhone.Build.0 = Release|Any CPU
		{C9785D85-4349-4951-A32C-1C1B7614CCA8}.Release|iPhone.Deploy.0 = Release|Any CPU
		{C9785D85-4349-4951-A32C-1C1B7614CCA8}.Release|iPhoneSimulator.ActiveCfg = Release|Any CPU
		{C9785D85-4349-4951-A32C-1C1B7614CCA8}.Release|iPhoneSimulator.Build.0 = Release|Any CPU
		{C9785D85-4349-4951-A32C-1C1B7614CCA8}.Release|iPhoneSimulator.Deploy.0 = Release|Any CPU
	EndGlobalSection
	GlobalSection(SolutionProperties) = preSolution
		HideSolutionNode = FALSE
	EndGlobalSection
	GlobalSection(ExtensibilityGlobals) = postSolution
		SolutionGuid = {01B57DDF-0E99-4653-B17C-D2498BA39AE7}
	EndGlobalSection
EndGlobal
